
Microsoft Visual Studio Solution File, Format Version 12.00
# Visual Studio 15
VisualStudioVersion = 15.0.28307.1525
MinimumVisualStudioVersion = 10.0.40219.1
Project("{FAE04EC0-301F-11D3-BF4B-00C04F79EFBC}") = "XtronV2", "XtronV2\XtronV2.csproj", "{3AEE7E1E-1F15-4709-BFB2-9F5357E97976}"
EndProject
Global
	GlobalSection(SolutionConfigurationPlatforms) = preSolution
		Debug|Any CPU = Debug|Any CPU
		Release|Any CPU = Release|Any CPU
	EndGlobalSection
	GlobalSection(ProjectConfigurationPlatforms) = postSolution
		{3AEE7E1E-1F15-4709-BFB2-9F5357E97976}.Debug|Any CPU.ActiveCfg = Debug|Any CPU
		{3AEE7E1E-1F15-4709-BFB2-9F5357E97976}.Debug|Any CPU.Build.0 = Debug|Any CPU
		{3AEE7E1E-1F15-4709-BFB2-9F5357E97976}.Release|Any CPU.ActiveCfg = Release|Any CPU
		{3AEE7E1E-1F15-4709-BFB2-9F5357E97976}.Release|Any CPU.Build.0 = Release|Any CPU
	EndGlobalSection
	GlobalSection(SolutionProperties) = preSolution
		HideSolutionNode = FALSE
	EndGlobalSection
	GlobalSection(ExtensibilityGlobals) = postSolution
		SolutionGuid = {AB151D1D-CA2F-4CFF-8172-31B8F9C8AB56}
	EndGlobalSection
EndGlobal
